{
  "object": {
    "pins": [
      {
        "package": "LiquidMetal2D",
        "repositoryURL": "git@github.com:mattCasanova/LiquidMetal2D.git",
        "state": {
          "branch": null,
          "revision": "f03123ee6e343b8ca0da0afafff25641600c62dd",
          "version": "0.1.1"
        }
      },
      {
        "package": "MetalMath",
        "repositoryURL": "https://github.com/mattCasanova/MetalMath.git",
        "state": {
          "branch": null,
          "revision": "ed063fbf0c02567f104cb0ace859c42d172ea4c8",
          "version": "0.1.0"
        }
      }
    ]
  },
  "version": 1
}
