{
  "object": {
    "pins": [
      {
        "package": "LiquidMetal2D",
        "repositoryURL": "git@github.com:mattCasanova/LiquidMetal2D.git",
        "state": {
          "branch": null,
          "revision": "8fa3ff5cf6187cfe22f64fc945a2815214b3bb71",
          "version": "0.0.28"
        }
      },
      {
        "package": "MetalMath",
        "repositoryURL": "https://github.com/mattCasanova/MetalMath.git",
        "state": {
          "branch": null,
          "revision": "e4873952a8084427cf069dcbd24baeedd3fe81e6",
          "version": "0.0.3"
        }
      }
    ]
  },
  "version": 1
}
